
Microsoft Visual Studio Solution File, Format Version 12.00
# Visual Studio 15
VisualStudioVersion = 15.0.28307.438
MinimumVisualStudioVersion = 10.0.40219.1
Project("{FAE04EC0-301F-11D3-BF4B-00C04F79EFBC}") = "MaouHeroLanding", "MaouHeroLanding\MaouHeroLanding.csproj", "{2235F99E-552C-470A-8284-C0F287020DDC}"
EndProject
Global
	GlobalSection(SolutionConfigurationPlatforms) = preSolution
		Debug|Any CPU = Debug|Any CPU
		Release|Any CPU = Release|Any CPU
	EndGlobalSection
	GlobalSection(ProjectConfigurationPlatforms) = postSolution
		{2235F99E-552C-470A-8284-C0F287020DDC}.Debug|Any CPU.ActiveCfg = Debug|Any CPU
		{2235F99E-552C-470A-8284-C0F287020DDC}.Debug|Any CPU.Build.0 = Debug|Any CPU
		{2235F99E-552C-470A-8284-C0F287020DDC}.Release|Any CPU.ActiveCfg = Release|Any CPU
		{2235F99E-552C-470A-8284-C0F287020DDC}.Release|Any CPU.Build.0 = Release|Any CPU
	EndGlobalSection
	GlobalSection(SolutionProperties) = preSolution
		HideSolutionNode = FALSE
	EndGlobalSection
	GlobalSection(ExtensibilityGlobals) = postSolution
		SolutionGuid = {A7428061-E59D-475D-87F1-10F8FFD60B59}
	EndGlobalSection
EndGlobal
